{
	"name": "po-manager",
	"version": "0.1.15",
	"lockfileVersion": 1,
	"requires": true,
	"dependencies": {
		"@nodelib/fs.scandir": {
			"version": "2.1.5",
			"resolved": "https://registry.npmjs.org/@nodelib/fs.scandir/-/fs.scandir-2.1.5.tgz",
			"integrity": "sha512-vq24Bq3ym5HEQm2NKCr3yXDwjc7vTsEThRDnkp2DK9p1uqLR+DHurm/NOTo0KG7HYHU7eppKZj3MyqYuMBf62g==",
			"dev": true,
			"requires": {
				"@nodelib/fs.stat": "2.0.5",
				"run-parallel": "^1.1.9"
			}
		},
		"@nodelib/fs.stat": {
			"version": "2.0.5",
			"resolved": "https://registry.npmjs.org/@nodelib/fs.stat/-/fs.stat-2.0.5.tgz",
			"integrity": "sha512-RkhPPp2zrqDAQA/2jNhnztcPAlv64XdhIp7a7454A5ovI7Bukxgt7MX7udwAu3zg1DcpPU0rz3VV1SeaqvY4+A==",
			"dev": true
		},
		"@nodelib/fs.walk": {
			"version": "1.2.8",
			"resolved": "https://registry.npmjs.org/@nodelib/fs.walk/-/fs.walk-1.2.8.tgz",
			"integrity": "sha512-oGB+UxlgWcgQkgwo8GcEGwemoTFt3FIO9ababBmaGwXIoBKZ+GTy0pP185beGg7Llih/NSHSV2XAs1lnznocSg==",
			"dev": true,
			"requires": {
				"@nodelib/fs.scandir": "2.1.5",
				"fastq": "^1.6.0"
			}
		},
		"@types/glob": {
			"version": "7.2.0",
			"resolved": "https://registry.npmjs.org/@types/glob/-/glob-7.2.0.tgz",
			"integrity": "sha512-ZUxbzKl0IfJILTS6t7ip5fQQM/J3TJYubDm3nMbgubNNYS62eXeUpoLUC8/7fJNiFYHTrGPQn7hspDUzIHX3UA==",
			"dev": true,
			"requires": {
				"@types/minimatch": "*",
				"@types/node": "*"
			}
		},
		"@types/minimatch": {
			"version": "3.0.5",
			"resolved": "https://registry.npmjs.org/@types/minimatch/-/minimatch-3.0.5.tgz",
			"integrity": "sha512-Klz949h02Gz2uZCMGwDUSDS1YBlTdDDgbWHi+81l29tQALUtvz4rAYi5uoVhE5Lagoq6DeqAUlbrHvW/mXDgdQ==",
			"dev": true
		},
		"@types/mkdirp": {
			"version": "0.5.2",
			"resolved": "https://registry.npmjs.org/@types/mkdirp/-/mkdirp-0.5.2.tgz",
			"integrity": "sha512-U5icWpv7YnZYGsN4/cmh3WD2onMY0aJIiTE6+51TwJCttdHvtCYmkBNOobHlXwrJRL0nkH9jH4kD+1FAdMN4Tg==",
			"dev": true,
			"requires": {
				"@types/node": "*"
			}
		},
		"@types/node": {
			"version": "12.20.39",
			"resolved": "https://registry.npmjs.org/@types/node/-/node-12.20.39.tgz",
			"integrity": "sha512-U7PMwkDmc3bnL0e4U8oA0POpi1vfsYDc+DEUS2+rPxm9NlLcW1dBa5JcRhO633PoPUcCSWMNXrMsqhmAVEo+IQ==",
			"dev": true
		},
		"@types/rimraf": {
			"version": "2.0.5",
			"resolved": "https://registry.npmjs.org/@types/rimraf/-/rimraf-2.0.5.tgz",
			"integrity": "sha512-YyP+VfeaqAyFmXoTh3HChxOQMyjByRMsHU7kc5KOJkSlXudhMhQIALbYV7rHh/l8d2lX3VUQzprrcAgWdRuU8g==",
			"dev": true,
			"requires": {
				"@types/glob": "*",
				"@types/node": "*"
			}
		},
		"@types/vscode": {
			"version": "1.63.1",
			"resolved": "https://registry.npmjs.org/@types/vscode/-/vscode-1.63.1.tgz",
			"integrity": "sha512-Z+ZqjRcnGfHP86dvx/BtSwWyZPKQ/LBdmAVImY82TphyjOw2KgTKcp7Nx92oNwCTsHzlshwexAG/WiY2JuUm3g==",
			"dev": true
		},
		"@typescript-eslint/parser": {
			"version": "4.33.0",
			"resolved": "https://registry.npmjs.org/@typescript-eslint/parser/-/parser-4.33.0.tgz",
			"integrity": "sha512-ZohdsbXadjGBSK0/r+d87X0SBmKzOq4/S5nzK6SBgJspFo9/CUDJ7hjayuze+JK7CZQLDMroqytp7pOcFKTxZA==",
			"dev": true,
			"requires": {
				"@typescript-eslint/scope-manager": "4.33.0",
				"@typescript-eslint/types": "4.33.0",
				"@typescript-eslint/typescript-estree": "4.33.0",
				"debug": "^4.3.1"
			},
			"dependencies": {
				"debug": {
					"version": "4.3.3",
					"resolved": "https://registry.npmjs.org/debug/-/debug-4.3.3.tgz",
					"integrity": "sha512-/zxw5+vh1Tfv+4Qn7a5nsbcJKPaSvCDhojn6FEl9vupwK2VCSDtEiEtqr8DFtzYFOdz63LBkxec7DYuc2jon6Q==",
					"dev": true,
					"requires": {
						"ms": "2.1.2"
					}
				},
				"ms": {
					"version": "2.1.2",
					"resolved": "https://registry.npmjs.org/ms/-/ms-2.1.2.tgz",
					"integrity": "sha512-sGkPx+VjMtmA6MX27oA4FBFELFCZZ4S4XqeGOXCv68tT+jb3vk/RyaKWP0PTKyWtmLSM0b+adUTEvbs1PEaH2w==",
					"dev": true
				}
			}
		},
		"@typescript-eslint/scope-manager": {
			"version": "4.33.0",
			"resolved": "https://registry.npmjs.org/@typescript-eslint/scope-manager/-/scope-manager-4.33.0.tgz",
			"integrity": "sha512-5IfJHpgTsTZuONKbODctL4kKuQje/bzBRkwHE8UOZ4f89Zeddg+EGZs8PD8NcN4LdM3ygHWYB3ukPAYjvl/qbQ==",
			"dev": true,
			"requires": {
				"@typescript-eslint/types": "4.33.0",
				"@typescript-eslint/visitor-keys": "4.33.0"
			}
		},
		"@typescript-eslint/types": {
			"version": "4.33.0",
			"resolved": "https://registry.npmjs.org/@typescript-eslint/types/-/types-4.33.0.tgz",
			"integrity": "sha512-zKp7CjQzLQImXEpLt2BUw1tvOMPfNoTAfb8l51evhYbOEEzdWyQNmHWWGPR6hwKJDAi+1VXSBmnhL9kyVTTOuQ==",
			"dev": true
		},
		"@typescript-eslint/typescript-estree": {
			"version": "4.33.0",
			"resolved": "https://registry.npmjs.org/@typescript-eslint/typescript-estree/-/typescript-estree-4.33.0.tgz",
			"integrity": "sha512-rkWRY1MPFzjwnEVHsxGemDzqqddw2QbTJlICPD9p9I9LfsO8fdmfQPOX3uKfUaGRDFJbfrtm/sXhVXN4E+bzCA==",
			"dev": true,
			"requires": {
				"@typescript-eslint/types": "4.33.0",
				"@typescript-eslint/visitor-keys": "4.33.0",
				"debug": "^4.3.1",
				"globby": "^11.0.3",
				"is-glob": "^4.0.1",
				"semver": "^7.3.5",
				"tsutils": "^3.21.0"
			},
			"dependencies": {
				"debug": {
					"version": "4.3.3",
					"resolved": "https://registry.npmjs.org/debug/-/debug-4.3.3.tgz",
					"integrity": "sha512-/zxw5+vh1Tfv+4Qn7a5nsbcJKPaSvCDhojn6FEl9vupwK2VCSDtEiEtqr8DFtzYFOdz63LBkxec7DYuc2jon6Q==",
					"dev": true,
					"requires": {
						"ms": "2.1.2"
					}
				},
				"ms": {
					"version": "2.1.2",
					"resolved": "https://registry.npmjs.org/ms/-/ms-2.1.2.tgz",
					"integrity": "sha512-sGkPx+VjMtmA6MX27oA4FBFELFCZZ4S4XqeGOXCv68tT+jb3vk/RyaKWP0PTKyWtmLSM0b+adUTEvbs1PEaH2w==",
					"dev": true
				}
			}
		},
		"@typescript-eslint/visitor-keys": {
			"version": "4.33.0",
			"resolved": "https://registry.npmjs.org/@typescript-eslint/visitor-keys/-/visitor-keys-4.33.0.tgz",
			"integrity": "sha512-uqi/2aSz9g2ftcHWf8uLPJA70rUv6yuMW5Bohw+bwcuzaxQIHaKFZCKGoGXIrc9vkTJ3+0txM73K0Hq3d5wgIg==",
			"dev": true,
			"requires": {
				"@typescript-eslint/types": "4.33.0",
				"eslint-visitor-keys": "^2.0.0"
			}
		},
		"@vscode/codicons": {
			"version": "0.0.20",
			"resolved": "https://registry.npmjs.org/@vscode/codicons/-/codicons-0.0.20.tgz",
			"integrity": "sha512-LlO6K7nzrIWDCZN1Zi6J6ibxrpMibSAct+zNjAwpkNkwup6cJLx5diYvsOJODMPWOuQlBO21qkxtdkSRzW6+Jw=="
		},
		"accepts": {
			"version": "1.3.7",
			"resolved": "https://registry.npmjs.org/accepts/-/accepts-1.3.7.tgz",
			"integrity": "sha512-Il80Qs2WjYlJIBNzNkK6KYqlVMTbZLXgHx2oT0pU/fjRHyEp+PEfEPY0R3WCwAGVOtauxh1hOxNgIf5bv7dQpA==",
			"requires": {
				"mime-types": "~2.1.24",
				"negotiator": "0.6.2"
			}
		},
		"after": {
			"version": "0.8.2",
			"resolved": "https://registry.npmjs.org/after/-/after-0.8.2.tgz",
			"integrity": "sha1-/ts5T58OAqqXaOcCvaI7UF+ufh8="
		},
		"array-union": {
			"version": "2.1.0",
			"resolved": "https://registry.npmjs.org/array-union/-/array-union-2.1.0.tgz",
			"integrity": "sha512-HGyxoOTYUyCM6stUe6EJgnd4EoewAI7zMdfqO+kGjnlZmBDz/cR5pf8r/cR4Wq60sL/p0IkcjUEEPwS3GFrIyw==",
			"dev": true
		},
		"arraybuffer.slice": {
			"version": "0.0.7",
			"resolved": "https://registry.npmjs.org/arraybuffer.slice/-/arraybuffer.slice-0.0.7.tgz",
			"integrity": "sha512-wGUIVQXuehL5TCqQun8OW81jGzAWycqzFF8lFp+GOM5BXLYj3bKNsYC4daB7n6XjCqxQA/qgTJ+8ANR3acjrog=="
		},
		"balanced-match": {
			"version": "1.0.2",
			"resolved": "https://registry.npmjs.org/balanced-match/-/balanced-match-1.0.2.tgz",
			"integrity": "sha512-3oSeUO0TMV67hN1AmbXsK4yaqU7tjiHlbxRDZOpH0KW9+CeX4bRAaX0Anxt0tx2MrpRpWwQaPwIlISEJhYU5Pw=="
		},
		"base64-arraybuffer": {
			"version": "0.1.4",
			"resolved": "https://registry.npmjs.org/base64-arraybuffer/-/base64-arraybuffer-0.1.4.tgz",
			"integrity": "sha1-mBjHngWbE1X5fgQooBfIOOkLqBI="
		},
		"base64id": {
			"version": "2.0.0",
			"resolved": "https://registry.npmjs.org/base64id/-/base64id-2.0.0.tgz",
			"integrity": "sha512-lGe34o6EHj9y3Kts9R4ZYs/Gr+6N7MCaMlIFA3F1R2O5/m7K06AxfSeO5530PEERE6/WyEg3lsuyw4GHlPZHog=="
		},
		"blob": {
			"version": "0.0.5",
			"resolved": "https://registry.npmjs.org/blob/-/blob-0.0.5.tgz",
			"integrity": "sha512-gaqbzQPqOoamawKg0LGVd7SzLgXS+JH61oWprSLH+P+abTczqJbhTR8CmJ2u9/bUYNmHTGJx/UEmn6doAvvuig=="
		},
		"brace-expansion": {
			"version": "1.1.11",
			"resolved": "https://registry.npmjs.org/brace-expansion/-/brace-expansion-1.1.11.tgz",
			"integrity": "sha512-iCuPHDFgrHX7H2vEI/5xpz07zSHB00TpugqhmYtVmMO6518mCuRMoOYFldEBl0g187ufozdaHgWKcYFb61qGiA==",
			"requires": {
				"balanced-match": "^1.0.0",
				"concat-map": "0.0.1"
			}
		},
		"braces": {
			"version": "3.0.2",
			"resolved": "https://registry.npmjs.org/braces/-/braces-3.0.2.tgz",
			"integrity": "sha512-b8um+L1RzM3WDSzvhm6gIz1yfTbBt6YTlcEKAvsmqCZZFw46z626lVj9j1yEPW33H5H+lBQpZMP1k8l+78Ha0A==",
			"dev": true,
			"requires": {
				"fill-range": "^7.0.1"
			}
		},
		"caller": {
			"version": "0.0.1",
			"resolved": "https://registry.npmjs.org/caller/-/caller-0.0.1.tgz",
			"integrity": "sha1-83odbqEOgp2UchrimpC7T7Uqt2c=",
			"requires": {
				"tape": "~2.3.2"
			}
		},
		"concat-map": {
			"version": "0.0.1",
			"resolved": "https://registry.npmjs.org/concat-map/-/concat-map-0.0.1.tgz",
			"integrity": "sha1-2Klr13/Wjfd5OnMDajug1UBdR3s="
		},
		"cookie": {
			"version": "0.4.1",
			"resolved": "https://registry.npmjs.org/cookie/-/cookie-0.4.1.tgz",
			"integrity": "sha512-ZwrFkGJxUR3EIoXtO+yVE69Eb7KlixbaeAWfBQB9vVsNn/o+Yw69gBWSSDK825hQNdN+wF8zELf3dFNl/kxkUA=="
		},
		"core-util-is": {
			"version": "1.0.3",
			"resolved": "https://registry.npmjs.org/core-util-is/-/core-util-is-1.0.3.tgz",
			"integrity": "sha512-ZQBvi1DcpJ4GDqanjucZ2Hj3wEO5pZDS89BWbkcrvdxksJorwUDDZamX9ldFkp9aw2lmBDLgkObEA4DWNJ9FYQ=="
		},
		"debug": {
			"version": "4.1.1",
			"resolved": "https://registry.npmjs.org/debug/-/debug-4.1.1.tgz",
			"integrity": "sha512-pYAIzeRo8J6KPEaJ0VWOh5Pzkbw/RetuzehGM7QRRX5he4fPHx2rdKMB256ehJCkX+XRQm16eZLqLNS8RSZXZw==",
			"requires": {
				"ms": "^2.1.1"
			}
		},
		"deep-equal": {
			"version": "0.1.2",
			"resolved": "https://registry.npmjs.org/deep-equal/-/deep-equal-0.1.2.tgz",
			"integrity": "sha1-skbCuApXCkfBG+HZvRBw7IeLh84="
		},
		"defined": {
			"version": "0.0.0",
			"resolved": "https://registry.npmjs.org/defined/-/defined-0.0.0.tgz",
			"integrity": "sha1-817qfXBekzuvE7LwOz+D2SFAOz4="
		},
		"dir-glob": {
			"version": "3.0.1",
			"resolved": "https://registry.npmjs.org/dir-glob/-/dir-glob-3.0.1.tgz",
			"integrity": "sha512-WkrWp9GR4KXfKGYzOLmTuGVi1UWFfws377n9cc55/tb6DuqyF6pcQ5AbiHEshaDpY9v6oaSr2XCDidGmMwdzIA==",
			"dev": true,
			"requires": {
				"path-type": "^4.0.0"
			}
		},
		"engine.io": {
			"version": "3.5.0",
			"resolved": "https://registry.npmjs.org/engine.io/-/engine.io-3.5.0.tgz",
			"integrity": "sha512-21HlvPUKaitDGE4GXNtQ7PLP0Sz4aWLddMPw2VTyFz1FVZqu/kZsJUO8WNpKuE/OCL7nkfRaOui2ZCJloGznGA==",
			"requires": {
				"accepts": "~1.3.4",
				"base64id": "2.0.0",
				"cookie": "~0.4.1",
				"debug": "~4.1.0",
				"engine.io-parser": "~2.2.0",
				"ws": "~7.4.2"
			}
		},
		"engine.io-parser": {
			"version": "2.2.1",
			"resolved": "https://registry.npmjs.org/engine.io-parser/-/engine.io-parser-2.2.1.tgz",
			"integrity": "sha512-x+dN/fBH8Ro8TFwJ+rkB2AmuVw9Yu2mockR/p3W8f8YtExwFgDvBDi0GWyb4ZLkpahtDGZgtr3zLovanJghPqg==",
			"requires": {
				"after": "0.8.2",
				"arraybuffer.slice": "~0.0.7",
				"base64-arraybuffer": "0.1.4",
				"blob": "0.0.5",
				"has-binary2": "~1.0.2"
			}
		},
		"eslint-visitor-keys": {
			"version": "2.1.0",
			"resolved": "https://registry.npmjs.org/eslint-visitor-keys/-/eslint-visitor-keys-2.1.0.tgz",
			"integrity": "sha512-0rSmRBzXgDzIsD6mGdJgevzgezI534Cer5L/vyMX0kHzT/jiB43jRhd9YUlMGYLQy2zprNmoT8qasCGtY+QaKw==",
			"dev": true
		},
		"fast-glob": {
			"version": "3.2.7",
			"resolved": "https://registry.npmjs.org/fast-glob/-/fast-glob-3.2.7.tgz",
			"integrity": "sha512-rYGMRwip6lUMvYD3BTScMwT1HtAs2d71SMv66Vrxs0IekGZEjhM0pcMfjQPnknBt2zeCwQMEupiN02ZP4DiT1Q==",
			"dev": true,
			"requires": {
				"@nodelib/fs.stat": "^2.0.2",
				"@nodelib/fs.walk": "^1.2.3",
				"glob-parent": "^5.1.2",
				"merge2": "^1.3.0",
				"micromatch": "^4.0.4"
			}
		},
		"fastq": {
			"version": "1.13.0",
			"resolved": "https://registry.npmjs.org/fastq/-/fastq-1.13.0.tgz",
			"integrity": "sha512-YpkpUnK8od0o1hmeSc7UUs/eB/vIPWJYjKck2QKIzAf71Vm1AAQ3EbuZB3g2JIy+pg+ERD0vqI79KyZiB2e2Nw==",
			"dev": true,
			"requires": {
				"reusify": "^1.0.4"
			}
		},
		"fill-range": {
			"version": "7.0.1",
			"resolved": "https://registry.npmjs.org/fill-range/-/fill-range-7.0.1.tgz",
			"integrity": "sha512-qOo9F+dMUmC2Lcb4BbVvnKJxTPjCm+RRpe4gDuGrzkL7mEVl/djYSu2OdQ2Pa302N4oqkSg9ir6jaLWJ2USVpQ==",
			"dev": true,
			"requires": {
				"to-regex-range": "^5.0.1"
			}
		},
		"fs.realpath": {
			"version": "1.0.0",
			"resolved": "https://registry.npmjs.org/fs.realpath/-/fs.realpath-1.0.0.tgz",
			"integrity": "sha1-FQStJSMVjKpA20onh8sBQRmU6k8="
		},
		"glob": {
			"version": "7.2.0",
			"resolved": "https://registry.npmjs.org/glob/-/glob-7.2.0.tgz",
			"integrity": "sha512-lmLf6gtyrPq8tTjSmrO94wBeQbFR3HbLHbuyD69wuyQkImp2hWqMGB47OX65FBkPffO641IP9jWa1z4ivqG26Q==",
			"requires": {
				"fs.realpath": "^1.0.0",
				"inflight": "^1.0.4",
				"inherits": "2",
				"minimatch": "^3.0.4",
				"once": "^1.3.0",
				"path-is-absolute": "^1.0.0"
			}
		},
		"glob-parent": {
			"version": "5.1.2",
			"resolved": "https://registry.npmjs.org/glob-parent/-/glob-parent-5.1.2.tgz",
			"integrity": "sha512-AOIgSQCepiJYwP3ARnGx+5VnTu2HBYdzbGP45eLw1vr3zB3vZLeyed1sC9hnbcOc9/SrMyM5RPQrkGz4aS9Zow==",
			"dev": true,
			"requires": {
				"is-glob": "^4.0.1"
			}
		},
		"globby": {
			"version": "11.0.4",
			"resolved": "https://registry.npmjs.org/globby/-/globby-11.0.4.tgz",
			"integrity": "sha512-9O4MVG9ioZJ08ffbcyVYyLOJLk5JQ688pJ4eMGLpdWLHq/Wr1D9BlriLQyL0E+jbkuePVZXYFj47QM/v093wHg==",
			"dev": true,
			"requires": {
				"array-union": "^2.1.0",
				"dir-glob": "^3.0.1",
				"fast-glob": "^3.1.1",
				"ignore": "^5.1.4",
				"merge2": "^1.3.0",
				"slash": "^3.0.0"
			}
		},
		"has-binary2": {
			"version": "1.0.3",
			"resolved": "https://registry.npmjs.org/has-binary2/-/has-binary2-1.0.3.tgz",
			"integrity": "sha512-G1LWKhDSvhGeAQ8mPVQlqNcOB2sJdwATtZKl2pDKKHfpf/rYj24lkinxf69blJbnsvtqqNU+L3SL50vzZhXOnw==",
			"requires": {
				"isarray": "2.0.1"
			}
		},
		"ignore": {
			"version": "5.2.0",
			"resolved": "https://registry.npmjs.org/ignore/-/ignore-5.2.0.tgz",
			"integrity": "sha512-CmxgYGiEPCLhfLnpPp1MoRmifwEIOgjcHXxOBjv7mY96c+eWScsOP9c112ZyLdWHi0FxHjI+4uVhKYp/gcdRmQ==",
			"dev": true
		},
		"immediate": {
			"version": "3.0.6",
			"resolved": "https://registry.npmjs.org/immediate/-/immediate-3.0.6.tgz",
			"integrity": "sha1-nbHb0Pr43m++D13V5Wu2BigN5ps="
		},
		"inflight": {
			"version": "1.0.6",
			"resolved": "https://registry.npmjs.org/inflight/-/inflight-1.0.6.tgz",
			"integrity": "sha1-Sb1jMdfQLQwJvJEKEHW6gWW1bfk=",
			"requires": {
				"once": "^1.3.0",
				"wrappy": "1"
			}
		},
		"inherits": {
			"version": "2.0.4",
			"resolved": "https://registry.npmjs.org/inherits/-/inherits-2.0.4.tgz",
			"integrity": "sha512-k/vGaX4/Yla3WzyMCvTQOXYeIHvqOKtnqBduzTHpzpQZzAskKMhZ2K+EnBiSM9zGSoIFeMpXKxa4dYeZIQqewQ=="
		},
		"is-extglob": {
			"version": "2.1.1",
			"resolved": "https://registry.npmjs.org/is-extglob/-/is-extglob-2.1.1.tgz",
			"integrity": "sha1-qIwCU1eR8C7TfHahueqXc8gz+MI=",
			"dev": true
		},
		"is-glob": {
			"version": "4.0.3",
			"resolved": "https://registry.npmjs.org/is-glob/-/is-glob-4.0.3.tgz",
			"integrity": "sha512-xelSayHH36ZgE7ZWhli7pW34hNbNl8Ojv5KVmkJD4hBdD3th8Tfk9vYasLM+mXWOZhFkgZfxhLSnrwRr4elSSg==",
			"dev": true,
			"requires": {
				"is-extglob": "^2.1.1"
			}
		},
		"is-number": {
			"version": "7.0.0",
			"resolved": "https://registry.npmjs.org/is-number/-/is-number-7.0.0.tgz",
			"integrity": "sha512-41Cifkg6e8TylSpdtTpeLVMqvSBEVzTttHvERD741+pnZ8ANv0004MRL43QKPDlK9cGvNp6NZWZUBlbGXYxxng==",
			"dev": true
		},
		"isarray": {
			"version": "2.0.1",
			"resolved": "https://registry.npmjs.org/isarray/-/isarray-2.0.1.tgz",
			"integrity": "sha1-o32U7ZzaLVmGXJ92/llu4fM4dB4="
		},
		"json-format": {
			"version": "1.0.1",
			"resolved": "https://registry.npmjs.org/json-format/-/json-format-1.0.1.tgz",
			"integrity": "sha1-FD9n5irxKda//tKIpGJl6iPQ3ww="
		},
		"jsonc-parser": {
			"version": "3.0.0",
			"resolved": "https://registry.npmjs.org/jsonc-parser/-/jsonc-parser-3.0.0.tgz",
			"integrity": "sha512-fQzRfAbIBnR0IQvftw9FJveWiHp72Fg20giDrHz6TdfB12UH/uue0D3hm57UB5KgAVuniLMCaS8P1IMj9NR7cA=="
		},
		"jsonify": {
			"version": "0.0.0",
			"resolved": "https://registry.npmjs.org/jsonify/-/jsonify-0.0.0.tgz",
			"integrity": "sha1-LHS27kHZPKUbe1qu6PUDYx0lKnM="
		},
		"jszip": {
			"version": "3.7.1",
			"resolved": "https://registry.npmjs.org/jszip/-/jszip-3.7.1.tgz",
			"integrity": "sha512-ghL0tz1XG9ZEmRMcEN2vt7xabrDdqHHeykgARpmZ0BiIctWxM47Vt63ZO2dnp4QYt/xJVLLy5Zv1l/xRdh2byg==",
			"requires": {
				"lie": "~3.3.0",
				"pako": "~1.0.2",
				"readable-stream": "~2.3.6",
				"set-immediate-shim": "~1.0.1"
			}
		},
		"lie": {
			"version": "3.3.0",
			"resolved": "https://registry.npmjs.org/lie/-/lie-3.3.0.tgz",
			"integrity": "sha512-UaiMJzeWRlEujzAuw5LokY1L5ecNQYZKfmyZ9L7wDHb/p5etKaxXhohBcrw0EYby+G/NA52vRSN4N39dxHAIwQ==",
			"requires": {
				"immediate": "~3.0.5"
			}
		},
		"lru-cache": {
			"version": "6.0.0",
			"resolved": "https://registry.npmjs.org/lru-cache/-/lru-cache-6.0.0.tgz",
			"integrity": "sha512-Jo6dJ04CmSjuznwJSS3pUeWmd/H0ffTlkXXgwZi+eq1UCmqQwCh+eLsYOYCwY991i2Fah4h1BEMCx4qThGbsiA==",
			"dev": true,
			"requires": {
				"yallist": "^4.0.0"
			}
		},
		"merge2": {
			"version": "1.4.1",
			"resolved": "https://registry.npmjs.org/merge2/-/merge2-1.4.1.tgz",
			"integrity": "sha512-8q7VEgMJW4J8tcfVPy8g09NcQwZdbwFEqhe/WZkoIzjn/3TGDwtOCYtXGxA3O8tPzpczCCDgv+P2P5y00ZJOOg==",
			"dev": true
		},
		"micromatch": {
			"version": "4.0.4",
			"resolved": "https://registry.npmjs.org/micromatch/-/micromatch-4.0.4.tgz",
			"integrity": "sha512-pRmzw/XUcwXGpD9aI9q/0XOwLNygjETJ8y0ao0wdqprrzDa4YnxLcz7fQRZr8voh8V10kGhABbNcHVk5wHgWwg==",
			"dev": true,
			"requires": {
				"braces": "^3.0.1",
				"picomatch": "^2.2.3"
			}
		},
		"mime-db": {
			"version": "1.51.0",
			"resolved": "https://registry.npmjs.org/mime-db/-/mime-db-1.51.0.tgz",
			"integrity": "sha512-5y8A56jg7XVQx2mbv1lu49NR4dokRnhZYTtL+KGfaa27uq4pSTXkwQkFJl4pkRMyNFz/EtYDSkiiEHx3F7UN6g=="
		},
		"mime-types": {
			"version": "2.1.34",
			"resolved": "https://registry.npmjs.org/mime-types/-/mime-types-2.1.34.tgz",
			"integrity": "sha512-6cP692WwGIs9XXdOO4++N+7qjqv0rqxxVvJ3VHPh/Sc9mVZcQP+ZGhkKiTvWMQRr2tbHkJP/Yn7Y0npb3ZBs4A==",
			"requires": {
				"mime-db": "1.51.0"
			}
		},
		"minimatch": {
			"version": "3.0.4",
			"resolved": "https://registry.npmjs.org/minimatch/-/minimatch-3.0.4.tgz",
			"integrity": "sha512-yJHVQEhyqPLUTgt9B83PXu6W3rx4MvvHvSUvToogpwoGDOUQ+yDrR0HRot+yOCdCO7u4hX3pWft6kWBBcqh0UA==",
			"requires": {
				"brace-expansion": "^1.1.7"
			}
		},
		"ms": {
			"version": "2.1.3",
			"resolved": "https://registry.npmjs.org/ms/-/ms-2.1.3.tgz",
			"integrity": "sha512-6FlzubTLZG3J2a/NVCAleEhjzq5oxgHyaCU9yYXvcLsvoVaHJq/s5xXI6/XXP6tz7R9xAOtHnSO/tXtF3WRTlA=="
		},
		"negotiator": {
			"version": "0.6.2",
			"resolved": "https://registry.npmjs.org/negotiator/-/negotiator-0.6.2.tgz",
			"integrity": "sha512-hZXc7K2e+PgeI1eDBe/10Ard4ekbfrrqG8Ep+8Jmf4JID2bNg7NvCPOZN+kfF574pFQI7mum2AUqDidoKqcTOw=="
		},
		"once": {
			"version": "1.4.0",
			"resolved": "https://registry.npmjs.org/once/-/once-1.4.0.tgz",
			"integrity": "sha1-WDsap3WWHUsROsF9nFC6753Xa9E=",
			"requires": {
				"wrappy": "1"
			}
		},
		"pako": {
			"version": "1.0.11",
			"resolved": "https://registry.npmjs.org/pako/-/pako-1.0.11.tgz",
			"integrity": "sha512-4hLB8Py4zZce5s4yd9XzopqwVv/yGNhV1Bl8NTmCq1763HeK2+EwVTv+leGeL13Dnh2wfbqowVPXCIO0z4taYw=="
		},
		"path-is-absolute": {
			"version": "1.0.1",
			"resolved": "https://registry.npmjs.org/path-is-absolute/-/path-is-absolute-1.0.1.tgz",
			"integrity": "sha1-F0uSaHNVNP+8es5r9TpanhtcX18="
		},
		"path-type": {
			"version": "4.0.0",
			"resolved": "https://registry.npmjs.org/path-type/-/path-type-4.0.0.tgz",
			"integrity": "sha512-gDKb8aZMDeD/tZWs9P6+q0J9Mwkdl6xMV8TjnGP3qJVJ06bdMgkbBlLU8IdfOsIsFz2BW1rNVT3XuNEl8zPAvw==",
			"dev": true
		},
		"picomatch": {
			"version": "2.3.0",
			"resolved": "https://registry.npmjs.org/picomatch/-/picomatch-2.3.0.tgz",
			"integrity": "sha512-lY1Q/PiJGC2zOv/z391WOTD+Z02bCgsFfvxoXXf6h7kv9o+WmsmzYqrAwY63sNgOxE4xEdq0WyUnXfKeBrSvYw==",
			"dev": true
		},
		"process-nextick-args": {
			"version": "2.0.1",
			"resolved": "https://registry.npmjs.org/process-nextick-args/-/process-nextick-args-2.0.1.tgz",
			"integrity": "sha512-3ouUOpQhtgrbOa17J7+uxOTpITYWaGP7/AhoR3+A+/1e9skrzelGi/dXzEYyvbxubEF6Wn2ypscTKiKJFFn1ag=="
		},
		"queue-microtask": {
			"version": "1.2.3",
			"resolved": "https://registry.npmjs.org/queue-microtask/-/queue-microtask-1.2.3.tgz",
			"integrity": "sha512-NuaNSa6flKT5JaSYQzJok04JzTL1CA6aGhv5rfLW3PgqA+M2ChpZQnAC8h8i4ZFkBS8X5RqkDBHA7r4hej3K9A==",
			"dev": true
		},
		"readable-stream": {
			"version": "2.3.7",
			"resolved": "https://registry.npmjs.org/readable-stream/-/readable-stream-2.3.7.tgz",
			"integrity": "sha512-Ebho8K4jIbHAxnuxi7o42OrZgF/ZTNcsZj6nRKyUmkhLFq8CHItp/fy6hQZuZmP/n3yZ9VBUbp4zz/mX8hmYPw==",
			"requires": {
				"core-util-is": "~1.0.0",
				"inherits": "~2.0.3",
				"isarray": "~1.0.0",
				"process-nextick-args": "~2.0.0",
				"safe-buffer": "~5.1.1",
				"string_decoder": "~1.1.1",
				"util-deprecate": "~1.0.1"
			},
			"dependencies": {
				"isarray": {
					"version": "1.0.0",
					"resolved": "https://registry.npmjs.org/isarray/-/isarray-1.0.0.tgz",
					"integrity": "sha1-u5NdSFgsuhaMBoNJV6VKPgcSTxE="
				}
			}
		},
		"resumer": {
			"version": "0.0.0",
			"resolved": "https://registry.npmjs.org/resumer/-/resumer-0.0.0.tgz",
			"integrity": "sha1-8ej0YeQGS6Oegq883CqMiT0HZ1k=",
			"requires": {
				"through": "~2.3.4"
			}
		},
		"reusify": {
			"version": "1.0.4",
			"resolved": "https://registry.npmjs.org/reusify/-/reusify-1.0.4.tgz",
			"integrity": "sha512-U9nH88a3fc/ekCF1l0/UP1IosiuIjyTh7hBvXVMHYgVcfGvt897Xguj2UOLDeI5BG2m7/uwyaLVT6fbtCwTyzw==",
			"dev": true
		},
		"rimraf": {
			"version": "3.0.2",
			"resolved": "https://registry.npmjs.org/rimraf/-/rimraf-3.0.2.tgz",
			"integrity": "sha512-JZkJMZkAGFFPP2YqXZXPbMlMBgsxzE8ILs4lMIX/2o0L9UBw9O/Y3o6wFw/i9YLapcUJWwqbi3kdxIPdC62TIA==",
			"requires": {
				"glob": "^7.1.3"
			}
		},
		"run-parallel": {
			"version": "1.2.0",
			"resolved": "https://registry.npmjs.org/run-parallel/-/run-parallel-1.2.0.tgz",
			"integrity": "sha512-5l4VyZR86LZ/lDxZTR6jqL8AFE2S0IFLMP26AbjsLVADxHdhB/c0GUsH+y39UfCi3dzz8OlQuPmnaJOMoDHQBA==",
			"dev": true,
			"requires": {
				"queue-microtask": "^1.2.2"
			}
		},
		"safe-buffer": {
			"version": "5.1.2",
			"resolved": "https://registry.npmjs.org/safe-buffer/-/safe-buffer-5.1.2.tgz",
			"integrity": "sha512-Gd2UZBJDkXlY7GbJxfsE8/nvKkUEU1G38c1siN6QP6a9PT9MmHB8GnpscSmMJSoF8LOIrt8ud/wPtojys4G6+g=="
		},
		"selenium-webdriver": {
			"version": "4.0.0",
			"resolved": "https://registry.npmjs.org/selenium-webdriver/-/selenium-webdriver-4.0.0.tgz",
			"integrity": "sha512-tOlu6FnTjPq2FKpd153pl8o2cB7H40Rvl/ogiD2sapMv4IDjQqpIxbd+swDJe9UDLdszeh5CDis6lgy4e9UG1w==",
			"requires": {
				"jszip": "^3.6.0",
				"rimraf": "^3.0.2",
				"tmp": "^0.2.1",
				"ws": ">=7.4.6"
			}
		},
		"semver": {
			"version": "7.3.5",
			"resolved": "https://registry.npmjs.org/semver/-/semver-7.3.5.tgz",
			"integrity": "sha512-PoeGJYh8HK4BTO/a9Tf6ZG3veo/A7ZVsYrSA6J8ny9nb3B1VrpkuN+z9OE5wfE5p6H4LchYZsegiQgbJD94ZFQ==",
			"dev": true,
			"requires": {
				"lru-cache": "^6.0.0"
			}
		},
		"set-immediate-shim": {
			"version": "1.0.1",
			"resolved": "https://registry.npmjs.org/set-immediate-shim/-/set-immediate-shim-1.0.1.tgz",
			"integrity": "sha1-SysbJ+uAip+NzEgaWOXlb1mfP2E="
		},
		"shush": {
			"version": "1.0.0",
			"resolved": "https://registry.npmjs.org/shush/-/shush-1.0.0.tgz",
			"integrity": "sha1-wnQVqeRY8v7TmyfPjrN8ADeCtDE=",
			"requires": {
				"caller": "~0.0.1",
				"strip-json-comments": "~0.1.1"
			}
		},
		"slash": {
			"version": "3.0.0",
			"resolved": "https://registry.npmjs.org/slash/-/slash-3.0.0.tgz",
			"integrity": "sha512-g9Q1haeby36OSStwb4ntCGGGaKsaVSjQ68fBxoQcutl5fS1vuY18H3wSt3jFyFtrkx+Kz0V1G85A4MyAdDMi2Q==",
			"dev": true
		},
		"string_decoder": {
			"version": "1.1.1",
			"resolved": "https://registry.npmjs.org/string_decoder/-/string_decoder-1.1.1.tgz",
			"integrity": "sha512-n/ShnvDi6FHbbVfviro+WojiFzv+s8MPMHBczVePfUpDJLwoLT0ht1l4YwBCbi8pJAveEEdnkHyPyTP/mzRfwg==",
			"requires": {
				"safe-buffer": "~5.1.0"
			}
		},
		"strip-json-comments": {
			"version": "0.1.3",
			"resolved": "https://registry.npmjs.org/strip-json-comments/-/strip-json-comments-0.1.3.tgz",
			"integrity": "sha1-Fkxk43Coo8wAyeAbU55WmCPw7lQ="
		},
		"tape": {
			"version": "2.3.3",
			"resolved": "https://registry.npmjs.org/tape/-/tape-2.3.3.tgz",
			"integrity": "sha1-Lnzgox3wn41oUWZKcYQuDKUFevc=",
			"requires": {
				"deep-equal": "~0.1.0",
				"defined": "~0.0.0",
				"inherits": "~2.0.1",
				"jsonify": "~0.0.0",
				"resumer": "~0.0.0",
				"through": "~2.3.4"
			}
		},
		"through": {
			"version": "2.3.8",
			"resolved": "https://registry.npmjs.org/through/-/through-2.3.8.tgz",
			"integrity": "sha1-DdTJ/6q8NXlgsbckEV1+Doai4fU="
		},
		"tmp": {
			"version": "0.2.1",
			"resolved": "https://registry.npmjs.org/tmp/-/tmp-0.2.1.tgz",
			"integrity": "sha512-76SUhtfqR2Ijn+xllcI5P1oyannHNHByD80W1q447gU3mp9G9PSpGdWmjUOHRDPiHYacIk66W7ubDTuPF3BEtQ==",
			"requires": {
				"rimraf": "^3.0.0"
			}
		},
		"to-regex-range": {
			"version": "5.0.1",
			"resolved": "https://registry.npmjs.org/to-regex-range/-/to-regex-range-5.0.1.tgz",
			"integrity": "sha512-65P7iz6X5yEr1cwcgvQxbbIw7Uk3gOy5dIdtZ4rDveLqhrdJP+Li/Hx6tyK0NEb+2GCyneCMJiGqrADCSNk8sQ==",
			"dev": true,
			"requires": {
				"is-number": "^7.0.0"
			}
		},
		"tslib": {
			"version": "1.14.1",
			"resolved": "https://registry.npmjs.org/tslib/-/tslib-1.14.1.tgz",
			"integrity": "sha512-Xni35NKzjgMrwevysHTCArtLDpPvye8zV/0E4EyYn43P7/7qvQwPh9BGkHewbMulVntbigmcT7rdX3BNo9wRJg==",
			"dev": true
		},
		"tsutils": {
			"version": "3.21.0",
			"resolved": "https://registry.npmjs.org/tsutils/-/tsutils-3.21.0.tgz",
			"integrity": "sha512-mHKK3iUXL+3UF6xL5k0PEhKRUBKPBCv/+RkEOpjRWxxx27KKRBmmA60A9pgOUvMi8GKhRMPEmjBRPzs2W7O1OA==",
			"dev": true,
			"requires": {
				"tslib": "^1.8.1"
			}
		},
		"typescript": {
			"version": "4.5.4",
			"resolved": "https://registry.npmjs.org/typescript/-/typescript-4.5.4.tgz",
			"integrity": "sha512-VgYs2A2QIRuGphtzFV7aQJduJ2gyfTljngLzjpfW9FoYZF6xuw1W0vW9ghCKLfcWrCFxK81CSGRAvS1pn4fIUg==",
			"dev": true
		},
		"util-deprecate": {
			"version": "1.0.2",
			"resolved": "https://registry.npmjs.org/util-deprecate/-/util-deprecate-1.0.2.tgz",
			"integrity": "sha1-RQ1Nyfpw3nMnYvvS1KKJgUGaDM8="
		},
		"wrappy": {
			"version": "1.0.2",
			"resolved": "https://registry.npmjs.org/wrappy/-/wrappy-1.0.2.tgz",
			"integrity": "sha1-tSQ9jz7BqjXxNkYFvA0QNuMKtp8="
		},
		"ws": {
			"version": "7.4.6",
			"resolved": "https://registry.npmjs.org/ws/-/ws-7.4.6.tgz",
			"integrity": "sha512-YmhHDO4MzaDLB+M9ym/mDA5z0naX8j7SIlT8f8z+I0VtzsRbekxEutHSme7NPS2qE8StCYQNUnfWdXta/Yu85A=="
		},
		"yallist": {
			"version": "4.0.0",
			"resolved": "https://registry.npmjs.org/yallist/-/yallist-4.0.0.tgz",
			"integrity": "sha512-3wdGidZyq5PB084XLES5TpOSRA3wjXAlIWMhum2kRcv/41Sn2emQ0dycQW4uZXLejwKvg6EsvbdlVL+FYEct7A==",
			"dev": true
		}
	}
}
